
Microsoft Visual Studio Solution File, Format Version 12.00
# Visual Studio 2013
VisualStudioVersion = 12.0.31101.0
MinimumVisualStudioVersion = 10.0.40219.1
Project("{FAE04EC0-301F-11D3-BF4B-00C04F79EFBC}") = "DevExpress.Mvvm.SL.Free", "DevExpress.Mvvm\DevExpress.Mvvm.SL.Free.csproj", "{0CA6255A-1498-40F7-8D73-627CAD748A52}"
EndProject
Project("{F184B08F-C81C-45F6-A57F-5ABD9991F28F}") = "DevExpress.Mvvm.TestClasses.VB.SL", "DevExpress.Mvvm.TestClasses\DevExpress.Mvvm.TestClasses.VB.SL.vbproj", "{029F871F-81D0-4FDB-8984-27287C5E9738}"
EndProject
Project("{FAE04EC0-301F-11D3-BF4B-00C04F79EFBC}") = "DevExpress.Mvvm.Tests.SL.Free", "DevExpress.Mvvm.Tests\DevExpress.Mvvm.Tests.SL.Free.csproj", "{88F58100-3104-43FC-839D-855B47878CEE}"
	ProjectSection(ProjectDependencies) = postProject
		{029F871F-81D0-4FDB-8984-27287C5E9738} = {029F871F-81D0-4FDB-8984-27287C5E9738}
		{0CA6255A-1498-40F7-8D73-627CAD748A52} = {0CA6255A-1498-40F7-8D73-627CAD748A52}
		{179DED67-B93E-477E-966E-D102174413E4} = {179DED67-B93E-477E-966E-D102174413E4}
	EndProjectSection
EndProject
Project("{FAE04EC0-301F-11D3-BF4B-00C04F79EFBC}") = "DevExpress.Mvvm.UI.SL.Free", "DevExpress.Mvvm.UI\DevExpress.Mvvm.UI.SL.Free.csproj", "{179DED67-B93E-477E-966E-D102174413E4}"
	ProjectSection(ProjectDependencies) = postProject
		{0CA6255A-1498-40F7-8D73-627CAD748A52} = {0CA6255A-1498-40F7-8D73-627CAD748A52}
	EndProjectSection
EndProject
Global
	GlobalSection(SolutionConfigurationPlatforms) = preSolution
		Debug|Any CPU = Debug|Any CPU
		Release|Any CPU = Release|Any CPU
	EndGlobalSection
	GlobalSection(ProjectConfigurationPlatforms) = postSolution
		{0CA6255A-1498-40F7-8D73-627CAD748A52}.Debug|Any CPU.ActiveCfg = Debug|Any CPU
		{0CA6255A-1498-40F7-8D73-627CAD748A52}.Debug|Any CPU.Build.0 = Debug|Any CPU
		{0CA6255A-1498-40F7-8D73-627CAD748A52}.Release|Any CPU.ActiveCfg = Release|Any CPU
		{0CA6255A-1498-40F7-8D73-627CAD748A52}.Release|Any CPU.Build.0 = Release|Any CPU
		{029F871F-81D0-4FDB-8984-27287C5E9738}.Debug|Any CPU.ActiveCfg = Debug|Any CPU
		{029F871F-81D0-4FDB-8984-27287C5E9738}.Debug|Any CPU.Build.0 = Debug|Any CPU
		{029F871F-81D0-4FDB-8984-27287C5E9738}.Release|Any CPU.ActiveCfg = Debug|Any CPU
		{029F871F-81D0-4FDB-8984-27287C5E9738}.Release|Any CPU.Build.0 = Debug|Any CPU
		{88F58100-3104-43FC-839D-855B47878CEE}.Debug|Any CPU.ActiveCfg = Debug|Any CPU
		{88F58100-3104-43FC-839D-855B47878CEE}.Debug|Any CPU.Build.0 = Debug|Any CPU
		{88F58100-3104-43FC-839D-855B47878CEE}.Release|Any CPU.ActiveCfg = Debug|Any CPU
		{88F58100-3104-43FC-839D-855B47878CEE}.Release|Any CPU.Build.0 = Debug|Any CPU
		{179DED67-B93E-477E-966E-D102174413E4}.Debug|Any CPU.ActiveCfg = Debug|Any CPU
		{179DED67-B93E-477E-966E-D102174413E4}.Debug|Any CPU.Build.0 = Debug|Any CPU
		{179DED67-B93E-477E-966E-D102174413E4}.Release|Any CPU.ActiveCfg = Release|Any CPU
		{179DED67-B93E-477E-966E-D102174413E4}.Release|Any CPU.Build.0 = Release|Any CPU
	EndGlobalSection
	GlobalSection(SolutionProperties) = preSolution
		HideSolutionNode = FALSE
	EndGlobalSection
EndGlobal
