
Microsoft Visual Studio Solution File, Format Version 12.00
# Visual Studio 2013
VisualStudioVersion = 12.0.31101.0
MinimumVisualStudioVersion = 10.0.40219.1
Project("{FAE04EC0-301F-11D3-BF4B-00C04F79EFBC}") = "ExampleCustomAttachedBehavior.SL.Free", "Examples\ExampleCustomAttachedBehavior\ExampleCustomAttachedBehavior.SL.Free.csproj", "{AE9A5F20-ED69-4FEF-AA9F-46EA4A93BB02}"
EndProject
Project("{FAE04EC0-301F-11D3-BF4B-00C04F79EFBC}") = "ExampleCustomService.SL.Free", "Examples\ExampleCustomService\ExampleCustomService.SL.Free.csproj", "{5D165EF0-576B-478A-9013-6D95B398FE00}"
EndProject
Project("{FAE04EC0-301F-11D3-BF4B-00C04F79EFBC}") = "ExampleDelegateCommand.SL.Free", "Examples\ExampleDelegateCommand\ExampleDelegateCommand.SL.Free.csproj", "{004ADC46-E648-46D6-9493-47A654A74341}"
EndProject
Project("{FAE04EC0-301F-11D3-BF4B-00C04F79EFBC}") = "ExamplePOCO.SL.Free", "Examples\ExamplePOCO\ExamplePOCO.SL.Free.csproj", "{67BAD6CE-93C7-40C4-9124-8F56A6B3319B}"
EndProject
Project("{FAE04EC0-301F-11D3-BF4B-00C04F79EFBC}") = "ExampleViewModelBase.SL.Free", "Examples\ExampleViewModelBase\ExampleViewModelBase.SL.Free.csproj", "{3264BF2F-B956-4868-97F2-3CE692655937}"
EndProject
Project("{FAE04EC0-301F-11D3-BF4B-00C04F79EFBC}") = "ExampleFileDialogServices.SL.Free", "Examples\ExampleFileDialogServices\ExampleFileDialogServices.SL.Free.csproj", "{FA9237D7-0BE6-4596-9065-5A2B49551A12}"
EndProject
Project("{FAE04EC0-301F-11D3-BF4B-00C04F79EFBC}") = "ExampleDispatcherService.SL.Free", "Examples\ExampleDispatcherService\ExampleDispatcherService.SL.Free.csproj", "{343D64E9-410C-4628-B98A-F526298C41BC}"
EndProject
Project("{FAE04EC0-301F-11D3-BF4B-00C04F79EFBC}") = "ExampleDataErrorInfo.SL.Free", "Examples\ExampleDataErrorInfo\ExampleDataErrorInfo.SL.Free.csproj", "{730E8323-0DE6-44EE-A0C8-2E1F665F25AC}"
EndProject
Project("{FAE04EC0-301F-11D3-BF4B-00C04F79EFBC}") = "ExampleSplashScreenService.SL.Free", "Examples\ExampleSplashScreenService\ExampleSplashScreenService.SL.Free.csproj", "{39115FF1-DE83-459A-ABFA-0BA99EDA4FBC}"
EndProject
Project("{FAE04EC0-301F-11D3-BF4B-00C04F79EFBC}") = "ExampleConfirmationBehavior.SL.Free", "Examples\ExampleConfirmationBehavior\ExampleConfirmationBehavior.SL.Free.csproj", "{F6713383-214F-44FD-8A16-121969E64B7C}"
EndProject
Project("{FAE04EC0-301F-11D3-BF4B-00C04F79EFBC}") = "ExampleDependencyPropertyBehavior.SL.Free", "Examples\ExampleDependencyPropertyBehavior\ExampleDependencyPropertyBehavior.SL.Free.csproj", "{B4B62C6D-B49E-476B-B2B8-FE1E827490FC}"
EndProject
Project("{FAE04EC0-301F-11D3-BF4B-00C04F79EFBC}") = "ExampleFocusBehavior.SL.Free", "Examples\ExampleFocusBehavior\ExampleFocusBehavior.SL.Free.csproj", "{A6407087-583D-46A9-A678-AC30C7E6DE61}"
EndProject
Project("{FAE04EC0-301F-11D3-BF4B-00C04F79EFBC}") = "ExampleAsyncCommand.SL.Free", "Examples\ExampleAsyncCommand\ExampleAsyncCommand.SL.Free.csproj", "{4B72E872-EBC1-44AE-81EF-39EC5CC69046}"
EndProject
Project("{FAE04EC0-301F-11D3-BF4B-00C04F79EFBC}") = "ExampleEventToCommand.SL.Free", "Examples\ExampleEventToCommand\ExampleEventToCommand.SL.Free.csproj", "{A0A3D88D-4140-4C74-8FED-B04C2404A36C}"
EndProject
Global
	GlobalSection(SolutionConfigurationPlatforms) = preSolution
		Debug|Any CPU = Debug|Any CPU
	EndGlobalSection
	GlobalSection(ProjectConfigurationPlatforms) = postSolution
		{AE9A5F20-ED69-4FEF-AA9F-46EA4A93BB02}.Debug|Any CPU.ActiveCfg = Debug|Any CPU
		{AE9A5F20-ED69-4FEF-AA9F-46EA4A93BB02}.Debug|Any CPU.Build.0 = Debug|Any CPU
		{5D165EF0-576B-478A-9013-6D95B398FE00}.Debug|Any CPU.ActiveCfg = Debug|Any CPU
		{5D165EF0-576B-478A-9013-6D95B398FE00}.Debug|Any CPU.Build.0 = Debug|Any CPU
		{004ADC46-E648-46D6-9493-47A654A74341}.Debug|Any CPU.ActiveCfg = Debug|Any CPU
		{004ADC46-E648-46D6-9493-47A654A74341}.Debug|Any CPU.Build.0 = Debug|Any CPU
		{67BAD6CE-93C7-40C4-9124-8F56A6B3319B}.Debug|Any CPU.ActiveCfg = Debug|Any CPU
		{67BAD6CE-93C7-40C4-9124-8F56A6B3319B}.Debug|Any CPU.Build.0 = Debug|Any CPU
		{3264BF2F-B956-4868-97F2-3CE692655937}.Debug|Any CPU.ActiveCfg = Debug|Any CPU
		{3264BF2F-B956-4868-97F2-3CE692655937}.Debug|Any CPU.Build.0 = Debug|Any CPU
		{FA9237D7-0BE6-4596-9065-5A2B49551A12}.Debug|Any CPU.ActiveCfg = Debug|Any CPU
		{FA9237D7-0BE6-4596-9065-5A2B49551A12}.Debug|Any CPU.Build.0 = Debug|Any CPU
		{343D64E9-410C-4628-B98A-F526298C41BC}.Debug|Any CPU.ActiveCfg = Debug|Any CPU
		{343D64E9-410C-4628-B98A-F526298C41BC}.Debug|Any CPU.Build.0 = Debug|Any CPU
		{730E8323-0DE6-44EE-A0C8-2E1F665F25AC}.Debug|Any CPU.ActiveCfg = Debug|Any CPU
		{730E8323-0DE6-44EE-A0C8-2E1F665F25AC}.Debug|Any CPU.Build.0 = Debug|Any CPU
		{39115FF1-DE83-459A-ABFA-0BA99EDA4FBC}.Debug|Any CPU.ActiveCfg = Debug|Any CPU
		{39115FF1-DE83-459A-ABFA-0BA99EDA4FBC}.Debug|Any CPU.Build.0 = Debug|Any CPU
		{F6713383-214F-44FD-8A16-121969E64B7C}.Debug|Any CPU.ActiveCfg = Debug|Any CPU
		{F6713383-214F-44FD-8A16-121969E64B7C}.Debug|Any CPU.Build.0 = Debug|Any CPU
		{B4B62C6D-B49E-476B-B2B8-FE1E827490FC}.Debug|Any CPU.ActiveCfg = Debug|Any CPU
		{B4B62C6D-B49E-476B-B2B8-FE1E827490FC}.Debug|Any CPU.Build.0 = Debug|Any CPU
		{A6407087-583D-46A9-A678-AC30C7E6DE61}.Debug|Any CPU.ActiveCfg = Debug|Any CPU
		{A6407087-583D-46A9-A678-AC30C7E6DE61}.Debug|Any CPU.Build.0 = Debug|Any CPU
		{4B72E872-EBC1-44AE-81EF-39EC5CC69046}.Debug|Any CPU.ActiveCfg = Debug|Any CPU
		{4B72E872-EBC1-44AE-81EF-39EC5CC69046}.Debug|Any CPU.Build.0 = Debug|Any CPU
		{A0A3D88D-4140-4C74-8FED-B04C2404A36C}.Debug|Any CPU.ActiveCfg = Debug|Any CPU
		{A0A3D88D-4140-4C74-8FED-B04C2404A36C}.Debug|Any CPU.Build.0 = Debug|Any CPU
	EndGlobalSection
	GlobalSection(SolutionProperties) = preSolution
		HideSolutionNode = FALSE
	EndGlobalSection
EndGlobal
