
Microsoft Visual Studio Solution File, Format Version 12.00
# Visual Studio 2013
VisualStudioVersion = 12.0.31101.0
MinimumVisualStudioVersion = 10.0.40219.1
Project("{FAE04EC0-301F-11D3-BF4B-00C04F79EFBC}") = "ExampleCustomAttachedBehavior.Wpf.Free", "Examples\ExampleCustomAttachedBehavior\ExampleCustomAttachedBehavior.Wpf.Free.csproj", "{022EB334-7BF3-4859-99A7-2A77B58C30E4}"
EndProject
Project("{FAE04EC0-301F-11D3-BF4B-00C04F79EFBC}") = "ExampleCustomService.Wpf.Free", "Examples\ExampleCustomService\ExampleCustomService.Wpf.Free.csproj", "{014E4DCA-3DEF-4940-8072-2D8A408574C5}"
EndProject
Project("{FAE04EC0-301F-11D3-BF4B-00C04F79EFBC}") = "ExampleDelegateCommand.Wpf.Free", "Examples\ExampleDelegateCommand\ExampleDelegateCommand.Wpf.Free.csproj", "{E562005A-E7AE-4255-9E7F-2DB07C3B8BD6}"
EndProject
Project("{FAE04EC0-301F-11D3-BF4B-00C04F79EFBC}") = "ExamplePOCO.Wpf.Free", "Examples\ExamplePOCO\ExamplePOCO.Wpf.Free.csproj", "{003F5932-C8DB-4D6F-98A9-27EFB7FB9A24}"
EndProject
Project("{FAE04EC0-301F-11D3-BF4B-00C04F79EFBC}") = "ExampleViewModelBase.Wpf.Free", "Examples\ExampleViewModelBase\ExampleViewModelBase.Wpf.Free.csproj", "{5E5A7DBC-5FE8-4AF3-9C68-79A8AD440903}"
EndProject
Project("{FAE04EC0-301F-11D3-BF4B-00C04F79EFBC}") = "ExampleFileDialogServices.Wpf.Free", "Examples\ExampleFileDialogServices\ExampleFileDialogServices.Wpf.Free.csproj", "{3B3A8DC3-D895-44C7-B7C1-57BA9C5ADAFB}"
EndProject
Project("{FAE04EC0-301F-11D3-BF4B-00C04F79EFBC}") = "ExampleDispatcherService.Wpf.Free", "Examples\ExampleDispatcherService\ExampleDispatcherService.Wpf.Free.csproj", "{DA2CA3DF-202E-48F1-8108-6796218DDA7C}"
EndProject
Project("{FAE04EC0-301F-11D3-BF4B-00C04F79EFBC}") = "ExampleDataErrorInfo.Wpf.Free", "Examples\ExampleDataErrorInfo\ExampleDataErrorInfo.Wpf.Free.csproj", "{326BF712-AFAC-40BA-A538-3E00BE9F7376}"
EndProject
Project("{FAE04EC0-301F-11D3-BF4B-00C04F79EFBC}") = "ExampleTaskbarService.Wpf.Free", "Examples\ExampleTaskbarService\ExampleTaskbarService.Wpf.Free.csproj", "{BC9102B3-F911-40D6-B6C7-2A7F099CD6F3}"
EndProject
Project("{FAE04EC0-301F-11D3-BF4B-00C04F79EFBC}") = "ExampleJumpListService.Wpf.Free", "Examples\ExampleJumpListService\ExampleJumpListService.Wpf.Free.csproj", "{2056171A-747A-48C4-B8D6-4604E0A65C4E}"
EndProject
Project("{FAE04EC0-301F-11D3-BF4B-00C04F79EFBC}") = "ExampleNotificationService.Wpf.Free", "Examples\ExampleNotificationService\ExampleNotificationService.Wpf.Free.csproj", "{4B5516DD-44B3-4618-B642-BB3D65EA5499}"
EndProject
Project("{FAE04EC0-301F-11D3-BF4B-00C04F79EFBC}") = "ExampleWindowService.Wpf.Free", "Examples\ExampleWindowService\ExampleWindowService.Wpf.Free.csproj", "{8C7A24A2-B0D9-424A-9AB8-5500526C91D8}"
EndProject
Project("{FAE04EC0-301F-11D3-BF4B-00C04F79EFBC}") = "ExampleSplashScreenService.Wpf.Free", "Examples\ExampleSplashScreenService\ExampleSplashScreenService.Wpf.Free.csproj", "{22FDE8A5-EB3F-4A5B-A855-EC5D366A4B45}"
EndProject
Project("{FAE04EC0-301F-11D3-BF4B-00C04F79EFBC}") = "ExampleWindowedDocumentUIService.Wpf.Free", "Examples\ExampleWindowedDocumentUIService\ExampleWindowedDocumentUIService.Wpf.Free.csproj", "{5EB6AC98-B2F9-4ED0-B21C-1650ACA4AD3B}"
EndProject
Project("{FAE04EC0-301F-11D3-BF4B-00C04F79EFBC}") = "ExampleConfirmationBehavior.Wpf.Free", "Examples\ExampleConfirmationBehavior\ExampleConfirmationBehavior.Wpf.Free.csproj", "{A8B586F2-C126-4AE1-981F-2250590D0400}"
EndProject
Project("{FAE04EC0-301F-11D3-BF4B-00C04F79EFBC}") = "ExampleDependencyPropertyBehavior.Wpf.Free", "Examples\ExampleDependencyPropertyBehavior\ExampleDependencyPropertyBehavior.Wpf.Free.csproj", "{8D2DE645-159C-46EE-8146-B4E99D4C0883}"
EndProject
Project("{FAE04EC0-301F-11D3-BF4B-00C04F79EFBC}") = "ExampleFocusBehavior.Wpf.Free", "Examples\ExampleFocusBehavior\ExampleFocusBehavior.Wpf.Free.csproj", "{E95BDC8A-9623-4D64-A189-FA78B97F2CAC}"
EndProject
Project("{FAE04EC0-301F-11D3-BF4B-00C04F79EFBC}") = "ExampleValidationErrorsHostBehavior.Wpf.Free", "Examples\ExampleValidationErrorsHostBehavior\ExampleValidationErrorsHostBehavior.Wpf.Free.csproj", "{43DE8653-E935-47E3-8616-D02CA8BC7D9D}"
EndProject
Project("{FAE04EC0-301F-11D3-BF4B-00C04F79EFBC}") = "ExampleAsyncCommand.Wpf.Free", "Examples\ExampleAsyncCommand\ExampleAsyncCommand.Wpf.Free.csproj", "{6EAD2F52-02FC-4129-B174-3B3D64F7402F}"
EndProject
Project("{FAE04EC0-301F-11D3-BF4B-00C04F79EFBC}") = "ExampleEventToCommand.Wpf.Free", "Examples\ExampleEventToCommand\ExampleEventToCommand.Wpf.Free.csproj", "{3061F41F-88BF-43A0-8E40-8B046C6A1935}"
EndProject
Project("{FAE04EC0-301F-11D3-BF4B-00C04F79EFBC}") = "ExampleEnumItemsSourceBehavior.Wpf.Free", "Examples\ExampleEnumItemsSourceBehavior\ExampleEnumItemsSourceBehavior.Wpf.Free.csproj", "{11023FC0-333F-4A24-93CF-69C735AF2B83}"
EndProject
Global
	GlobalSection(SolutionConfigurationPlatforms) = preSolution
		Debug|Any CPU = Debug|Any CPU
	EndGlobalSection
	GlobalSection(ProjectConfigurationPlatforms) = postSolution
		{022EB334-7BF3-4859-99A7-2A77B58C30E4}.Debug|Any CPU.ActiveCfg = Debug|Any CPU
		{022EB334-7BF3-4859-99A7-2A77B58C30E4}.Debug|Any CPU.Build.0 = Debug|Any CPU
		{014E4DCA-3DEF-4940-8072-2D8A408574C5}.Debug|Any CPU.ActiveCfg = Debug|Any CPU
		{014E4DCA-3DEF-4940-8072-2D8A408574C5}.Debug|Any CPU.Build.0 = Debug|Any CPU
		{E562005A-E7AE-4255-9E7F-2DB07C3B8BD6}.Debug|Any CPU.ActiveCfg = Debug|Any CPU
		{E562005A-E7AE-4255-9E7F-2DB07C3B8BD6}.Debug|Any CPU.Build.0 = Debug|Any CPU
		{003F5932-C8DB-4D6F-98A9-27EFB7FB9A24}.Debug|Any CPU.ActiveCfg = Debug|Any CPU
		{003F5932-C8DB-4D6F-98A9-27EFB7FB9A24}.Debug|Any CPU.Build.0 = Debug|Any CPU
		{5E5A7DBC-5FE8-4AF3-9C68-79A8AD440903}.Debug|Any CPU.ActiveCfg = Debug|Any CPU
		{5E5A7DBC-5FE8-4AF3-9C68-79A8AD440903}.Debug|Any CPU.Build.0 = Debug|Any CPU
		{3B3A8DC3-D895-44C7-B7C1-57BA9C5ADAFB}.Debug|Any CPU.ActiveCfg = Debug|Any CPU
		{3B3A8DC3-D895-44C7-B7C1-57BA9C5ADAFB}.Debug|Any CPU.Build.0 = Debug|Any CPU
		{DA2CA3DF-202E-48F1-8108-6796218DDA7C}.Debug|Any CPU.ActiveCfg = Debug|Any CPU
		{DA2CA3DF-202E-48F1-8108-6796218DDA7C}.Debug|Any CPU.Build.0 = Debug|Any CPU
		{326BF712-AFAC-40BA-A538-3E00BE9F7376}.Debug|Any CPU.ActiveCfg = Debug|Any CPU
		{326BF712-AFAC-40BA-A538-3E00BE9F7376}.Debug|Any CPU.Build.0 = Debug|Any CPU
		{BC9102B3-F911-40D6-B6C7-2A7F099CD6F3}.Debug|Any CPU.ActiveCfg = Debug|Any CPU
		{BC9102B3-F911-40D6-B6C7-2A7F099CD6F3}.Debug|Any CPU.Build.0 = Debug|Any CPU
		{2056171A-747A-48C4-B8D6-4604E0A65C4E}.Debug|Any CPU.ActiveCfg = Debug|Any CPU
		{2056171A-747A-48C4-B8D6-4604E0A65C4E}.Debug|Any CPU.Build.0 = Debug|Any CPU
		{4B5516DD-44B3-4618-B642-BB3D65EA5499}.Debug|Any CPU.ActiveCfg = Debug|Any CPU
		{4B5516DD-44B3-4618-B642-BB3D65EA5499}.Debug|Any CPU.Build.0 = Debug|Any CPU
		{8C7A24A2-B0D9-424A-9AB8-5500526C91D8}.Debug|Any CPU.ActiveCfg = Debug|Any CPU
		{8C7A24A2-B0D9-424A-9AB8-5500526C91D8}.Debug|Any CPU.Build.0 = Debug|Any CPU
		{22FDE8A5-EB3F-4A5B-A855-EC5D366A4B45}.Debug|Any CPU.ActiveCfg = Debug|Any CPU
		{22FDE8A5-EB3F-4A5B-A855-EC5D366A4B45}.Debug|Any CPU.Build.0 = Debug|Any CPU
		{5EB6AC98-B2F9-4ED0-B21C-1650ACA4AD3B}.Debug|Any CPU.ActiveCfg = Debug|Any CPU
		{5EB6AC98-B2F9-4ED0-B21C-1650ACA4AD3B}.Debug|Any CPU.Build.0 = Debug|Any CPU
		{A8B586F2-C126-4AE1-981F-2250590D0400}.Debug|Any CPU.ActiveCfg = Debug|Any CPU
		{A8B586F2-C126-4AE1-981F-2250590D0400}.Debug|Any CPU.Build.0 = Debug|Any CPU
		{8D2DE645-159C-46EE-8146-B4E99D4C0883}.Debug|Any CPU.ActiveCfg = Debug|Any CPU
		{8D2DE645-159C-46EE-8146-B4E99D4C0883}.Debug|Any CPU.Build.0 = Debug|Any CPU
		{E95BDC8A-9623-4D64-A189-FA78B97F2CAC}.Debug|Any CPU.ActiveCfg = Debug|Any CPU
		{E95BDC8A-9623-4D64-A189-FA78B97F2CAC}.Debug|Any CPU.Build.0 = Debug|Any CPU
		{43DE8653-E935-47E3-8616-D02CA8BC7D9D}.Debug|Any CPU.ActiveCfg = Debug|Any CPU
		{43DE8653-E935-47E3-8616-D02CA8BC7D9D}.Debug|Any CPU.Build.0 = Debug|Any CPU
		{6EAD2F52-02FC-4129-B174-3B3D64F7402F}.Debug|Any CPU.ActiveCfg = Debug|Any CPU
		{6EAD2F52-02FC-4129-B174-3B3D64F7402F}.Debug|Any CPU.Build.0 = Debug|Any CPU
		{3061F41F-88BF-43A0-8E40-8B046C6A1935}.Debug|Any CPU.ActiveCfg = Debug|Any CPU
		{3061F41F-88BF-43A0-8E40-8B046C6A1935}.Debug|Any CPU.Build.0 = Debug|Any CPU
		{11023FC0-333F-4A24-93CF-69C735AF2B83}.Debug|Any CPU.ActiveCfg = Debug|Any CPU
		{11023FC0-333F-4A24-93CF-69C735AF2B83}.Debug|Any CPU.Build.0 = Debug|Any CPU
	EndGlobalSection
	GlobalSection(SolutionProperties) = preSolution
		HideSolutionNode = FALSE
	EndGlobalSection
EndGlobal
